// !$*UTF8*$!
{
	archiveVersion = 1;
	classes = {
	};
	objectVersion = 46;
	objects = {

/* Begin PBXBuildFile section */
		03635AAB1ABDF7F700ECE937 /* test.png in Resources */ = {isa = PBXBuildFile; fileRef = 03635AAA1ABDF7F700ECE937 /* test.png */; };
		03635AC11ABE237700ECE937 /* hackers.png in Resources */ = {isa = PBXBuildFile; fileRef = 03635AB91ABE237700ECE937 /* hackers.png */; };
		03635AC21ABE237700ECE937 /* night.png in Resources */ = {isa = PBXBuildFile; fileRef = 03635ABA1ABE237700ECE937 /* night.png */; };
		03635AC31ABE237700ECE937 /* tesla.png in Resources */ = {isa = PBXBuildFile; fileRef = 03635ABB1ABE237700ECE937 /* tesla.png */; };
		03635AC41ABE237700ECE937 /* cord-cutters.png in Resources */ = {isa = PBXBuildFile; fileRef = 03635ABC1ABE237700ECE937 /* cord-cutters.png */; };
		03635AC51ABE237700ECE937 /* facebook.png in Resources */ = {isa = PBXBuildFile; fileRef = 03635ABD1ABE237700ECE937 /* facebook.png */; };
		03635AC61ABE237700ECE937 /* manager.png in Resources */ = {isa = PBXBuildFile; fileRef = 03635ABE1ABE237700ECE937 /* manager.png */; };
		03635AC71ABE237700ECE937 /* target.png in Resources */ = {isa = PBXBuildFile; fileRef = 03635ABF1ABE237700ECE937 /* target.png */; };
		03635AC81ABE237700ECE937 /* sucker.png in Resources */ = {isa = PBXBuildFile; fileRef = 03635AC01ABE237700ECE937 /* sucker.png */; };
		0383C63A1AC4FFD100B27904 /* DWBubbleMenuButton.m in Sources */ = {isa = PBXBuildFile; fileRef = 0383C6391AC4FFD100B27904 /* DWBubbleMenuButton.m */; };
		03E83D391ABCE181001B3736 /* AppDelegate.swift in Sources */ = {isa = PBXBuildFile; fileRef = 03E83D381ABCE181001B3736 /* AppDelegate.swift */; };
		03E83D3E1ABCE181001B3736 /* Main.storyboard in Resources */ = {isa = PBXBuildFile; fileRef = 03E83D3C1ABCE181001B3736 /* Main.storyboard */; };
		03E83D401ABCE181001B3736 /* Images.xcassets in Resources */ = {isa = PBXBuildFile; fileRef = 03E83D3F1ABCE181001B3736 /* Images.xcassets */; };
		03E83D431ABCE181001B3736 /* LaunchScreen.xib in Resources */ = {isa = PBXBuildFile; fileRef = 03E83D411ABCE181001B3736 /* LaunchScreen.xib */; };
		03E83D4F1ABCE181001B3736 /* _ffectTests.swift in Sources */ = {isa = PBXBuildFile; fileRef = 03E83D4E1ABCE181001B3736 /* _ffectTests.swift */; };
		03E83D5B1ABCE502001B3736 /* AESelectEmotionTableViewController.swift in Sources */ = {isa = PBXBuildFile; fileRef = 03E83D5A1ABCE502001B3736 /* AESelectEmotionTableViewController.swift */; };
		03E83D5F1ABCF007001B3736 /* AETableViewCell.swift in Sources */ = {isa = PBXBuildFile; fileRef = 03E83D5E1ABCF007001B3736 /* AETableViewCell.swift */; };
		13ADDD241ACC8E11007B8E60 /* AESingleStoryViewController.swift in Sources */ = {isa = PBXBuildFile; fileRef = 13ADDD231ACC8E11007B8E60 /* AESingleStoryViewController.swift */; };
/* End PBXBuildFile section */

/* Begin PBXContainerItemProxy section */
		03E83D491ABCE181001B3736 /* PBXContainerItemProxy */ = {
			isa = PBXContainerItemProxy;
			containerPortal = 03E83D2B1ABCE180001B3736 /* Project object */;
			proxyType = 1;
			remoteGlobalIDString = 03E83D321ABCE181001B3736;
			remoteInfo = "Æffect";
		};
/* End PBXContainerItemProxy section */

/* Begin PBXFileReference section */
		03635AAA1ABDF7F700ECE937 /* test.png */ = {isa = PBXFileReference; lastKnownFileType = image.png; path = test.png; sourceTree = "<group>"; };
		03635AB81ABE093300ECE937 /* AEffect-Bridging-Header.h */ = {isa = PBXFileReference; lastKnownFileType = sourcecode.c.h; path = "AEffect-Bridging-Header.h"; sourceTree = "<group>"; };
		03635AB91ABE237700ECE937 /* hackers.png */ = {isa = PBXFileReference; lastKnownFileType = image.png; path = hackers.png; sourceTree = "<group>"; };
		03635ABA1ABE237700ECE937 /* night.png */ = {isa = PBXFileReference; lastKnownFileType = image.png; path = night.png; sourceTree = "<group>"; };
		03635ABB1ABE237700ECE937 /* tesla.png */ = {isa = PBXFileReference; lastKnownFileType = image.png; path = tesla.png; sourceTree = "<group>"; };
		03635ABC1ABE237700ECE937 /* cord-cutters.png */ = {isa = PBXFileReference; lastKnownFileType = image.png; path = "cord-cutters.png"; sourceTree = "<group>"; };
		03635ABD1ABE237700ECE937 /* facebook.png */ = {isa = PBXFileReference; lastKnownFileType = image.png; path = facebook.png; sourceTree = "<group>"; };
		03635ABE1ABE237700ECE937 /* manager.png */ = {isa = PBXFileReference; lastKnownFileType = image.png; path = manager.png; sourceTree = "<group>"; };
		03635ABF1ABE237700ECE937 /* target.png */ = {isa = PBXFileReference; lastKnownFileType = image.png; path = target.png; sourceTree = "<group>"; };
		03635AC01ABE237700ECE937 /* sucker.png */ = {isa = PBXFileReference; lastKnownFileType = image.png; path = sucker.png; sourceTree = "<group>"; };
		0383C6381AC4FFD100B27904 /* DWBubbleMenuButton.h */ = {isa = PBXFileReference; fileEncoding = 4; lastKnownFileType = sourcecode.c.h; path = DWBubbleMenuButton.h; sourceTree = "<group>"; };
		0383C6391AC4FFD100B27904 /* DWBubbleMenuButton.m */ = {isa = PBXFileReference; fileEncoding = 4; lastKnownFileType = sourcecode.c.objc; path = DWBubbleMenuButton.m; sourceTree = "<group>"; };
		03E83D331ABCE181001B3736 /* Æffect.app */ = {isa = PBXFileReference; explicitFileType = wrapper.application; includeInIndex = 0; path = "Æffect.app"; sourceTree = BUILT_PRODUCTS_DIR; };
		03E83D371ABCE181001B3736 /* Info.plist */ = {isa = PBXFileReference; lastKnownFileType = text.plist.xml; path = Info.plist; sourceTree = "<group>"; };
		03E83D381ABCE181001B3736 /* AppDelegate.swift */ = {isa = PBXFileReference; lastKnownFileType = sourcecode.swift; path = AppDelegate.swift; sourceTree = "<group>"; };
		03E83D3D1ABCE181001B3736 /* Base */ = {isa = PBXFileReference; lastKnownFileType = file.storyboard; name = Base; path = Base.lproj/Main.storyboard; sourceTree = "<group>"; };
		03E83D3F1ABCE181001B3736 /* Images.xcassets */ = {isa = PBXFileReference; lastKnownFileType = folder.assetcatalog; path = Images.xcassets; sourceTree = "<group>"; };
		03E83D421ABCE181001B3736 /* Base */ = {isa = PBXFileReference; lastKnownFileType = file.xib; name = Base; path = Base.lproj/LaunchScreen.xib; sourceTree = "<group>"; };
		03E83D481ABCE181001B3736 /* ÆffectTests.xctest */ = {isa = PBXFileReference; explicitFileType = wrapper.cfbundle; includeInIndex = 0; path = "ÆffectTests.xctest"; sourceTree = BUILT_PRODUCTS_DIR; };
		03E83D4D1ABCE181001B3736 /* Info.plist */ = {isa = PBXFileReference; lastKnownFileType = text.plist.xml; path = Info.plist; sourceTree = "<group>"; };
		03E83D4E1ABCE181001B3736 /* _ffectTests.swift */ = {isa = PBXFileReference; lastKnownFileType = sourcecode.swift; path = _ffectTests.swift; sourceTree = "<group>"; };
		03E83D5A1ABCE502001B3736 /* AESelectEmotionTableViewController.swift */ = {isa = PBXFileReference; fileEncoding = 4; lastKnownFileType = sourcecode.swift; path = AESelectEmotionTableViewController.swift; sourceTree = "<group>"; };
		03E83D5E1ABCF007001B3736 /* AETableViewCell.swift */ = {isa = PBXFileReference; fileEncoding = 4; lastKnownFileType = sourcecode.swift; name = AETableViewCell.swift; path = ../AETableViewCell.swift; sourceTree = "<group>"; };
		13ADDD231ACC8E11007B8E60 /* AESingleStoryViewController.swift */ = {isa = PBXFileReference; fileEncoding = 4; lastKnownFileType = sourcecode.swift; path = AESingleStoryViewController.swift; sourceTree = "<group>"; };
/* End PBXFileReference section */

/* Begin PBXFrameworksBuildPhase section */
		03E83D301ABCE181001B3736 /* Frameworks */ = {
			isa = PBXFrameworksBuildPhase;
			buildActionMask = 2147483647;
			files = (
			);
			runOnlyForDeploymentPostprocessing = 0;
		};
		03E83D451ABCE181001B3736 /* Frameworks */ = {
			isa = PBXFrameworksBuildPhase;
			buildActionMask = 2147483647;
			files = (
			);
			runOnlyForDeploymentPostprocessing = 0;
		};
/* End PBXFrameworksBuildPhase section */

/* Begin PBXGroup section */
		03635AC91ABE238000ECE937 /* Test Images */ = {
			isa = PBXGroup;
			children = (
				03635AAA1ABDF7F700ECE937 /* test.png */,
				03635AB91ABE237700ECE937 /* hackers.png */,
				03635ABA1ABE237700ECE937 /* night.png */,
				03635ABB1ABE237700ECE937 /* tesla.png */,
				03635ABC1ABE237700ECE937 /* cord-cutters.png */,
				03635ABD1ABE237700ECE937 /* facebook.png */,
				03635ABE1ABE237700ECE937 /* manager.png */,
				03635ABF1ABE237700ECE937 /* target.png */,
				03635AC01ABE237700ECE937 /* sucker.png */,
			);
			name = "Test Images";
			sourceTree = "<group>";
		};
		0383C63B1AC4FFD400B27904 /* DWBubbleMenu */ = {
			isa = PBXGroup;
			children = (
				0383C6381AC4FFD100B27904 /* DWBubbleMenuButton.h */,
				0383C6391AC4FFD100B27904 /* DWBubbleMenuButton.m */,
			);
			name = DWBubbleMenu;
			sourceTree = "<group>";
		};
		03E83D2A1ABCE180001B3736 = {
			isa = PBXGroup;
			children = (
				03E83D351ABCE181001B3736 /* Æffect */,
				03E83D4B1ABCE181001B3736 /* ÆffectTests */,
				03E83D341ABCE181001B3736 /* Products */,
			);
			sourceTree = "<group>";
		};
		03E83D341ABCE181001B3736 /* Products */ = {
			isa = PBXGroup;
			children = (
				03E83D331ABCE181001B3736 /* Æffect.app */,
				03E83D481ABCE181001B3736 /* ÆffectTests.xctest */,
			);
			name = Products;
			sourceTree = "<group>";
		};
		03E83D351ABCE181001B3736 /* Æffect */ = {
			isa = PBXGroup;
			children = (
				03E83D3C1ABCE181001B3736 /* Main.storyboard */,
				03E83D381ABCE181001B3736 /* AppDelegate.swift */,
				03E83D5A1ABCE502001B3736 /* AESelectEmotionTableViewController.swift */,
				13ADDD231ACC8E11007B8E60 /* AESingleStoryViewController.swift */,
				03E83D5E1ABCF007001B3736 /* AETableViewCell.swift */,
				03635AB81ABE093300ECE937 /* AEffect-Bridging-Header.h */,
				0383C63B1AC4FFD400B27904 /* DWBubbleMenu */,
				03635AC91ABE238000ECE937 /* Test Images */,
				03E83D3F1ABCE181001B3736 /* Images.xcassets */,
				03E83D411ABCE181001B3736 /* LaunchScreen.xib */,
				03E83D361ABCE181001B3736 /* Supporting Files */,
			);
			path = "Æffect";
			sourceTree = "<group>";
		};
		03E83D361ABCE181001B3736 /* Supporting Files */ = {
			isa = PBXGroup;
			children = (
				03E83D371ABCE181001B3736 /* Info.plist */,
			);
			name = "Supporting Files";
			sourceTree = "<group>";
		};
		03E83D4B1ABCE181001B3736 /* ÆffectTests */ = {
			isa = PBXGroup;
			children = (
				03E83D4E1ABCE181001B3736 /* _ffectTests.swift */,
				03E83D4C1ABCE181001B3736 /* Supporting Files */,
			);
			path = "ÆffectTests";
			sourceTree = "<group>";
		};
		03E83D4C1ABCE181001B3736 /* Supporting Files */ = {
			isa = PBXGroup;
			children = (
				03E83D4D1ABCE181001B3736 /* Info.plist */,
			);
			name = "Supporting Files";
			sourceTree = "<group>";
		};
/* End PBXGroup section */

/* Begin PBXNativeTarget section */
		03E83D321ABCE181001B3736 /* Æffect */ = {
			isa = PBXNativeTarget;
			buildConfigurationList = 03E83D521ABCE181001B3736 /* Build configuration list for PBXNativeTarget "Æffect" */;
			buildPhases = (
				03E83D2F1ABCE181001B3736 /* Sources */,
				03E83D301ABCE181001B3736 /* Frameworks */,
				03E83D311ABCE181001B3736 /* Resources */,
			);
			buildRules = (
			);
			dependencies = (
			);
			name = "Æffect";
			productName = "Æffect";
			productReference = 03E83D331ABCE181001B3736 /* Æffect.app */;
			productType = "com.apple.product-type.application";
		};
		03E83D471ABCE181001B3736 /* ÆffectTests */ = {
			isa = PBXNativeTarget;
			buildConfigurationList = 03E83D551ABCE181001B3736 /* Build configuration list for PBXNativeTarget "ÆffectTests" */;
			buildPhases = (
				03E83D441ABCE181001B3736 /* Sources */,
				03E83D451ABCE181001B3736 /* Frameworks */,
				03E83D461ABCE181001B3736 /* Resources */,
			);
			buildRules = (
			);
			dependencies = (
				03E83D4A1ABCE181001B3736 /* PBXTargetDependency */,
			);
			name = "ÆffectTests";
			productName = "ÆffectTests";
			productReference = 03E83D481ABCE181001B3736 /* ÆffectTests.xctest */;
			productType = "com.apple.product-type.bundle.unit-test";
		};
/* End PBXNativeTarget section */

/* Begin PBXProject section */
		03E83D2B1ABCE180001B3736 /* Project object */ = {
			isa = PBXProject;
			attributes = {
				CLASSPREFIX = "Æ";
				LastUpgradeCheck = 0630;
				ORGANIZATIONNAME = "Josh O'Steen";
				TargetAttributes = {
					03E83D321ABCE181001B3736 = {
						CreatedOnToolsVersion = 6.3;
						DevelopmentTeam = 4FNJNUQ3AD;
					};
					03E83D471ABCE181001B3736 = {
						CreatedOnToolsVersion = 6.3;
						TestTargetID = 03E83D321ABCE181001B3736;
					};
				};
			};
			buildConfigurationList = 03E83D2E1ABCE180001B3736 /* Build configuration list for PBXProject "Æffect" */;
			compatibilityVersion = "Xcode 3.2";
			developmentRegion = English;
			hasScannedForEncodings = 0;
			knownRegions = (
				en,
				Base,
			);
			mainGroup = 03E83D2A1ABCE180001B3736;
			productRefGroup = 03E83D341ABCE181001B3736 /* Products */;
			projectDirPath = "";
			projectRoot = "";
			targets = (
				03E83D321ABCE181001B3736 /* Æffect */,
				03E83D471ABCE181001B3736 /* ÆffectTests */,
			);
		};
/* End PBXProject section */

/* Begin PBXResourcesBuildPhase section */
		03E83D311ABCE181001B3736 /* Resources */ = {
			isa = PBXResourcesBuildPhase;
			buildActionMask = 2147483647;
			files = (
				03635AC81ABE237700ECE937 /* sucker.png in Resources */,
				03E83D3E1ABCE181001B3736 /* Main.storyboard in Resources */,
				03635AC61ABE237700ECE937 /* manager.png in Resources */,
				03635AC11ABE237700ECE937 /* hackers.png in Resources */,
				03635AC41ABE237700ECE937 /* cord-cutters.png in Resources */,
				03635AC51ABE237700ECE937 /* facebook.png in Resources */,
				03E83D431ABCE181001B3736 /* LaunchScreen.xib in Resources */,
				03E83D401ABCE181001B3736 /* Images.xcassets in Resources */,
				03635AAB1ABDF7F700ECE937 /* test.png in Resources */,
				03635AC21ABE237700ECE937 /* night.png in Resources */,
				03635AC71ABE237700ECE937 /* target.png in Resources */,
				03635AC31ABE237700ECE937 /* tesla.png in Resources */,
			);
			runOnlyForDeploymentPostprocessing = 0;
		};
		03E83D461ABCE181001B3736 /* Resources */ = {
			isa = PBXResourcesBuildPhase;
			buildActionMask = 2147483647;
			files = (
			);
			runOnlyForDeploymentPostprocessing = 0;
		};
/* End PBXResourcesBuildPhase section */

/* Begin PBXSourcesBuildPhase section */
		03E83D2F1ABCE181001B3736 /* Sources */ = {
			isa = PBXSourcesBuildPhase;
			buildActionMask = 2147483647;
			files = (
				03E83D391ABCE181001B3736 /* AppDelegate.swift in Sources */,
				03E83D5B1ABCE502001B3736 /* AESelectEmotionTableViewController.swift in Sources */,
				13ADDD241ACC8E11007B8E60 /* AESingleStoryViewController.swift in Sources */,
				03E83D5F1ABCF007001B3736 /* AETableViewCell.swift in Sources */,
				0383C63A1AC4FFD100B27904 /* DWBubbleMenuButton.m in Sources */,
			);
			runOnlyForDeploymentPostprocessing = 0;
		};
		03E83D441ABCE181001B3736 /* Sources */ = {
			isa = PBXSourcesBuildPhase;
			buildActionMask = 2147483647;
			files = (
				03E83D4F1ABCE181001B3736 /* _ffectTests.swift in Sources */,
			);
			runOnlyForDeploymentPostprocessing = 0;
		};
/* End PBXSourcesBuildPhase section */

/* Begin PBXTargetDependency section */
		03E83D4A1ABCE181001B3736 /* PBXTargetDependency */ = {
			isa = PBXTargetDependency;
			target = 03E83D321ABCE181001B3736 /* Æffect */;
			targetProxy = 03E83D491ABCE181001B3736 /* PBXContainerItemProxy */;
		};
/* End PBXTargetDependency section */

/* Begin PBXVariantGroup section */
		03E83D3C1ABCE181001B3736 /* Main.storyboard */ = {
			isa = PBXVariantGroup;
			children = (
				03E83D3D1ABCE181001B3736 /* Base */,
			);
			name = Main.storyboard;
			sourceTree = "<group>";
		};
		03E83D411ABCE181001B3736 /* LaunchScreen.xib */ = {
			isa = PBXVariantGroup;
			children = (
				03E83D421ABCE181001B3736 /* Base */,
			);
			name = LaunchScreen.xib;
			sourceTree = "<group>";
		};
/* End PBXVariantGroup section */

/* Begin XCBuildConfiguration section */
		03E83D501ABCE181001B3736 /* Debug */ = {
			isa = XCBuildConfiguration;
			buildSettings = {
				ALWAYS_SEARCH_USER_PATHS = NO;
				CLANG_CXX_LANGUAGE_STANDARD = "gnu++0x";
				CLANG_CXX_LIBRARY = "libc++";
				CLANG_ENABLE_MODULES = YES;
				CLANG_ENABLE_OBJC_ARC = YES;
				CLANG_WARN_BOOL_CONVERSION = YES;
				CLANG_WARN_CONSTANT_CONVERSION = YES;
				CLANG_WARN_DIRECT_OBJC_ISA_USAGE = YES_ERROR;
				CLANG_WARN_EMPTY_BODY = YES;
				CLANG_WARN_ENUM_CONVERSION = YES;
				CLANG_WARN_INT_CONVERSION = YES;
				CLANG_WARN_OBJC_ROOT_CLASS = YES_ERROR;
				CLANG_WARN_UNREACHABLE_CODE = YES;
				CLANG_WARN__DUPLICATE_METHOD_MATCH = YES;
				"CODE_SIGN_IDENTITY[sdk=iphoneos*]" = "iPhone Developer";
				COPY_PHASE_STRIP = NO;
				DEBUG_INFORMATION_FORMAT = dwarf;
				ENABLE_STRICT_OBJC_MSGSEND = YES;
				GCC_C_LANGUAGE_STANDARD = gnu99;
				GCC_DYNAMIC_NO_PIC = NO;
				GCC_NO_COMMON_BLOCKS = YES;
				GCC_OPTIMIZATION_LEVEL = 0;
				GCC_PREPROCESSOR_DEFINITIONS = (
					"DEBUG=1",
					"$(inherited)",
				);
				GCC_SYMBOLS_PRIVATE_EXTERN = NO;
				GCC_WARN_64_TO_32_BIT_CONVERSION = YES;
				GCC_WARN_ABOUT_RETURN_TYPE = YES_ERROR;
				GCC_WARN_UNDECLARED_SELECTOR = YES;
				GCC_WARN_UNINITIALIZED_AUTOS = YES_AGGRESSIVE;
				GCC_WARN_UNUSED_FUNCTION = YES;
				GCC_WARN_UNUSED_VARIABLE = YES;
				IPHONEOS_DEPLOYMENT_TARGET = 8.3;
				MTL_ENABLE_DEBUG_INFO = YES;
				ONLY_ACTIVE_ARCH = YES;
				SDKROOT = iphoneos;
				SWIFT_OPTIMIZATION_LEVEL = "-Onone";
			};
			name = Debug;
		};
		03E83D511ABCE181001B3736 /* Release */ = {
			isa = XCBuildConfiguration;
			buildSettings = {
				ALWAYS_SEARCH_USER_PATHS = NO;
				CLANG_CXX_LANGUAGE_STANDARD = "gnu++0x";
				CLANG_CXX_LIBRARY = "libc++";
				CLANG_ENABLE_MODULES = YES;
				CLANG_ENABLE_OBJC_ARC = YES;
				CLANG_WARN_BOOL_CONVERSION = YES;
				CLANG_WARN_CONSTANT_CONVERSION = YES;
				CLANG_WARN_DIRECT_OBJC_ISA_USAGE = YES_ERROR;
				CLANG_WARN_EMPTY_BODY = YES;
				CLANG_WARN_ENUM_CONVERSION = YES;
				CLANG_WARN_INT_CONVERSION = YES;
				CLANG_WARN_OBJC_ROOT_CLASS = YES_ERROR;
				CLANG_WARN_UNREACHABLE_CODE = YES;
				CLANG_WARN__DUPLICATE_METHOD_MATCH = YES;
				"CODE_SIGN_IDENTITY[sdk=iphoneos*]" = "iPhone Developer";
				COPY_PHASE_STRIP = NO;
				DEBUG_INFORMATION_FORMAT = "dwarf-with-dsym";
				ENABLE_NS_ASSERTIONS = NO;
				ENABLE_STRICT_OBJC_MSGSEND = YES;
				GCC_C_LANGUAGE_STANDARD = gnu99;
				GCC_NO_COMMON_BLOCKS = YES;
				GCC_WARN_64_TO_32_BIT_CONVERSION = YES;
				GCC_WARN_ABOUT_RETURN_TYPE = YES_ERROR;
				GCC_WARN_UNDECLARED_SELECTOR = YES;
				GCC_WARN_UNINITIALIZED_AUTOS = YES_AGGRESSIVE;
				GCC_WARN_UNUSED_FUNCTION = YES;
				GCC_WARN_UNUSED_VARIABLE = YES;
				IPHONEOS_DEPLOYMENT_TARGET = 8.3;
				MTL_ENABLE_DEBUG_INFO = NO;
				SDKROOT = iphoneos;
				VALIDATE_PRODUCT = YES;
			};
			name = Release;
		};
		03E83D531ABCE181001B3736 /* Debug */ = {
			isa = XCBuildConfiguration;
			buildSettings = {
				ASSETCATALOG_COMPILER_APPICON_NAME = AppIcon;
				CODE_SIGN_IDENTITY = "iPhone Developer";
				INFOPLIST_FILE = "Æffect/Info.plist";
				IPHONEOS_DEPLOYMENT_TARGET = 8.1;
				LD_RUNPATH_SEARCH_PATHS = "$(inherited) @executable_path/Frameworks";
				PRODUCT_NAME = "$(TARGET_NAME)";
				SWIFT_OBJC_BRIDGING_HEADER = "$(SRCROOT)/$(PROJECT_NAME)/AEffect-Bridging-Header.h";
			};
			name = Debug;
		};
		03E83D541ABCE181001B3736 /* Release */ = {
			isa = XCBuildConfiguration;
			buildSettings = {
				ASSETCATALOG_COMPILER_APPICON_NAME = AppIcon;
				CODE_SIGN_IDENTITY = "iPhone Developer";
				INFOPLIST_FILE = "Æffect/Info.plist";
				IPHONEOS_DEPLOYMENT_TARGET = 8.1;
				LD_RUNPATH_SEARCH_PATHS = "$(inherited) @executable_path/Frameworks";
				PRODUCT_NAME = "$(TARGET_NAME)";
				SWIFT_OBJC_BRIDGING_HEADER = "$(SRCROOT)/$(PROJECT_NAME)/AEffect-Bridging-Header.h";
			};
			name = Release;
		};
		03E83D561ABCE181001B3736 /* Debug */ = {
			isa = XCBuildConfiguration;
			buildSettings = {
				BUNDLE_LOADER = "$(TEST_HOST)";
				FRAMEWORK_SEARCH_PATHS = (
					"$(SDKROOT)/Developer/Library/Frameworks",
					"$(inherited)",
				);
				GCC_PREPROCESSOR_DEFINITIONS = (
					"DEBUG=1",
					"$(inherited)",
				);
				INFOPLIST_FILE = "ÆffectTests/Info.plist";
				IPHONEOS_DEPLOYMENT_TARGET = 8.1;
				LD_RUNPATH_SEARCH_PATHS = "$(inherited) @executable_path/Frameworks @loader_path/Frameworks";
				PRODUCT_NAME = "$(TARGET_NAME)";
				TEST_HOST = "$(BUILT_PRODUCTS_DIR)/Æffect.app/Æffect";
			};
			name = Debug;
		};
		03E83D571ABCE181001B3736 /* Release */ = {
			isa = XCBuildConfiguration;
			buildSettings = {
				BUNDLE_LOADER = "$(TEST_HOST)";
				FRAMEWORK_SEARCH_PATHS = (
					"$(SDKROOT)/Developer/Library/Frameworks",
					"$(inherited)",
				);
				INFOPLIST_FILE = "ÆffectTests/Info.plist";
				IPHONEOS_DEPLOYMENT_TARGET = 8.1;
				LD_RUNPATH_SEARCH_PATHS = "$(inherited) @executable_path/Frameworks @loader_path/Frameworks";
				PRODUCT_NAME = "$(TARGET_NAME)";
				TEST_HOST = "$(BUILT_PRODUCTS_DIR)/Æffect.app/Æffect";
			};
			name = Release;
		};
/* End XCBuildConfiguration section */

/* Begin XCConfigurationList section */
		03E83D2E1ABCE180001B3736 /* Build configuration list for PBXProject "Æffect" */ = {
			isa = XCConfigurationList;
			buildConfigurations = (
				03E83D501ABCE181001B3736 /* Debug */,
				03E83D511ABCE181001B3736 /* Release */,
			);
			defaultConfigurationIsVisible = 0;
			defaultConfigurationName = Release;
		};
		03E83D521ABCE181001B3736 /* Build configuration list for PBXNativeTarget "Æffect" */ = {
			isa = XCConfigurationList;
			buildConfigurations = (
				03E83D531ABCE181001B3736 /* Debug */,
				03E83D541ABCE181001B3736 /* Release */,
			);
			defaultConfigurationIsVisible = 0;
			defaultConfigurationName = Release;
		};
		03E83D551ABCE181001B3736 /* Build configuration list for PBXNativeTarget "ÆffectTests" */ = {
			isa = XCConfigurationList;
			buildConfigurations = (
				03E83D561ABCE181001B3736 /* Debug */,
				03E83D571ABCE181001B3736 /* Release */,
			);
			defaultConfigurationIsVisible = 0;
			defaultConfigurationName = Release;
		};
/* End XCConfigurationList section */
	};
	rootObject = 03E83D2B1ABCE180001B3736 /* Project object */;
}
